// !$*UTF8*$!
{
	archiveVersion = 1;
	classes = {
	};
	objectVersion = 46;
	objects = {

/* Begin PBXBuildFile section */
		DBC4872B1DB0FAF800CBCD4D /* main.m in Sources */ = {isa = PBXBuildFile; fileRef = DBC4872A1DB0FAF800CBCD4D /* main.m */; };
		DBC4872E1DB0FAF800CBCD4D /* AppDelegate.m in Sources */ = {isa = PBXBuildFile; fileRef = DBC4872D1DB0FAF800CBCD4D /* AppDelegate.m */; };
		DBC487361DB0FAF800CBCD4D /* Assets.xcassets in Resources */ = {isa = PBXBuildFile; fileRef = DBC487351DB0FAF800CBCD4D /* Assets.xcassets */; };
		DBC487391DB0FAF800CBCD4D /* LaunchScreen.storyboard in Resources */ = {isa = PBXBuildFile; fileRef = DBC487371DB0FAF800CBCD4D /* LaunchScreen.storyboard */; };
		DBC487441DB0FAF800CBCD4D /* YXTRequestLoadAnimationTests.m in Sources */ = {isa = PBXBuildFile; fileRef = DBC487431DB0FAF800CBCD4D /* YXTRequestLoadAnimationTests.m */; };
		DBC4874F1DB0FAF800CBCD4D /* YXTRequestLoadAnimationUITests.m in Sources */ = {isa = PBXBuildFile; fileRef = DBC4874E1DB0FAF800CBCD4D /* YXTRequestLoadAnimationUITests.m */; };
		DBC487AA1DB0FB6D00CBCD4D /* AFHTTPSessionManager.m in Sources */ = {isa = PBXBuildFile; fileRef = DBC4875E1DB0FB6D00CBCD4D /* AFHTTPSessionManager.m */; };
		DBC487AB1DB0FB6D00CBCD4D /* AFNetworkReachabilityManager.m in Sources */ = {isa = PBXBuildFile; fileRef = DBC487611DB0FB6D00CBCD4D /* AFNetworkReachabilityManager.m */; };
		DBC487AC1DB0FB6D00CBCD4D /* AFSecurityPolicy.m in Sources */ = {isa = PBXBuildFile; fileRef = DBC487631DB0FB6D00CBCD4D /* AFSecurityPolicy.m */; };
		DBC487AD1DB0FB6D00CBCD4D /* AFURLRequestSerialization.m in Sources */ = {isa = PBXBuildFile; fileRef = DBC487651DB0FB6D00CBCD4D /* AFURLRequestSerialization.m */; };
		DBC487AE1DB0FB6D00CBCD4D /* AFURLResponseSerialization.m in Sources */ = {isa = PBXBuildFile; fileRef = DBC487671DB0FB6D00CBCD4D /* AFURLResponseSerialization.m */; };
		DBC487AF1DB0FB6D00CBCD4D /* AFURLSessionManager.m in Sources */ = {isa = PBXBuildFile; fileRef = DBC487691DB0FB6D00CBCD4D /* AFURLSessionManager.m */; };
		DBC487B01DB0FB6D00CBCD4D /* CCloading－1.tiff in Resources */ = {isa = PBXBuildFile; fileRef = DBC4876B1DB0FB6D00CBCD4D /* CCloading－1.tiff */; };
		DBC487B11DB0FB6D00CBCD4D /* CCloading－2.tiff in Resources */ = {isa = PBXBuildFile; fileRef = DBC4876C1DB0FB6D00CBCD4D /* CCloading－2.tiff */; };
		DBC487B21DB0FB6D00CBCD4D /* loading01.png in Resources */ = {isa = PBXBuildFile; fileRef = DBC4876D1DB0FB6D00CBCD4D /* loading01.png */; };
		DBC487B31DB0FB6D00CBCD4D /* loading01@2x.png in Resources */ = {isa = PBXBuildFile; fileRef = DBC4876E1DB0FB6D00CBCD4D /* loading01@2x.png */; };
		DBC487B41DB0FB6D00CBCD4D /* loading01_.png in Resources */ = {isa = PBXBuildFile; fileRef = DBC4876F1DB0FB6D00CBCD4D /* loading01_.png */; };
		DBC487B51DB0FB6D00CBCD4D /* loading01_@2x.png in Resources */ = {isa = PBXBuildFile; fileRef = DBC487701DB0FB6D00CBCD4D /* loading01_@2x.png */; };
		DBC487B61DB0FB6D00CBCD4D /* loading02.png in Resources */ = {isa = PBXBuildFile; fileRef = DBC487711DB0FB6D00CBCD4D /* loading02.png */; };
		DBC487B71DB0FB6D00CBCD4D /* loading02@2x.png in Resources */ = {isa = PBXBuildFile; fileRef = DBC487721DB0FB6D00CBCD4D /* loading02@2x.png */; };
		DBC487B81DB0FB6D00CBCD4D /* loading03.png in Resources */ = {isa = PBXBuildFile; fileRef = DBC487731DB0FB6D00CBCD4D /* loading03.png */; };
		DBC487B91DB0FB6D00CBCD4D /* loading03@2x.png in Resources */ = {isa = PBXBuildFile; fileRef = DBC487741DB0FB6D00CBCD4D /* loading03@2x.png */; };
		DBC487BA1DB0FB6D00CBCD4D /* loading04.png in Resources */ = {isa = PBXBuildFile; fileRef = DBC487751DB0FB6D00CBCD4D /* loading04.png */; };
		DBC487BB1DB0FB6D00CBCD4D /* loading04@2x.png in Resources */ = {isa = PBXBuildFile; fileRef = DBC487761DB0FB6D00CBCD4D /* loading04@2x.png */; };
		DBC487BC1DB0FB6D00CBCD4D /* loading05.png in Resources */ = {isa = PBXBuildFile; fileRef = DBC487771DB0FB6D00CBCD4D /* loading05.png */; };
		DBC487BD1DB0FB6D00CBCD4D /* loading05@2x.png in Resources */ = {isa = PBXBuildFile; fileRef = DBC487781DB0FB6D00CBCD4D /* loading05@2x.png */; };
		DBC487BE1DB0FB6D00CBCD4D /* loading06.png in Resources */ = {isa = PBXBuildFile; fileRef = DBC487791DB0FB6D00CBCD4D /* loading06.png */; };
		DBC487BF1DB0FB6D00CBCD4D /* loading06@2x.png in Resources */ = {isa = PBXBuildFile; fileRef = DBC4877A1DB0FB6D00CBCD4D /* loading06@2x.png */; };
		DBC487C01DB0FB6D00CBCD4D /* loading07.png in Resources */ = {isa = PBXBuildFile; fileRef = DBC4877B1DB0FB6D00CBCD4D /* loading07.png */; };
		DBC487C11DB0FB6D00CBCD4D /* loading07@2x.png in Resources */ = {isa = PBXBuildFile; fileRef = DBC4877C1DB0FB6D00CBCD4D /* loading07@2x.png */; };
		DBC487C21DB0FB6D00CBCD4D /* loading08.png in Resources */ = {isa = PBXBuildFile; fileRef = DBC4877D1DB0FB6D00CBCD4D /* loading08.png */; };
		DBC487C31DB0FB6D00CBCD4D /* loading08@2x.png in Resources */ = {isa = PBXBuildFile; fileRef = DBC4877E1DB0FB6D00CBCD4D /* loading08@2x.png */; };
		DBC487C41DB0FB6D00CBCD4D /* loading09.png in Resources */ = {isa = PBXBuildFile; fileRef = DBC4877F1DB0FB6D00CBCD4D /* loading09.png */; };
		DBC487C51DB0FB6D00CBCD4D /* loading09@2x.png in Resources */ = {isa = PBXBuildFile; fileRef = DBC487801DB0FB6D00CBCD4D /* loading09@2x.png */; };
		DBC487C61DB0FB6D00CBCD4D /* loading10.png in Resources */ = {isa = PBXBuildFile; fileRef = DBC487811DB0FB6D00CBCD4D /* loading10.png */; };
		DBC487C71DB0FB6D00CBCD4D /* NoNetImage.png in Resources */ = {isa = PBXBuildFile; fileRef = DBC487821DB0FB6D00CBCD4D /* NoNetImage.png */; };
		DBC487C81DB0FB6D00CBCD4D /* MASCompositeConstraint.m in Sources */ = {isa = PBXBuildFile; fileRef = DBC487851DB0FB6D00CBCD4D /* MASCompositeConstraint.m */; };
		DBC487C91DB0FB6D00CBCD4D /* MASConstraint.m in Sources */ = {isa = PBXBuildFile; fileRef = DBC487881DB0FB6D00CBCD4D /* MASConstraint.m */; };
		DBC487CA1DB0FB6D00CBCD4D /* MASConstraintMaker.m in Sources */ = {isa = PBXBuildFile; fileRef = DBC4878A1DB0FB6D00CBCD4D /* MASConstraintMaker.m */; };
		DBC487CB1DB0FB6D00CBCD4D /* MASLayoutConstraint.m in Sources */ = {isa = PBXBuildFile; fileRef = DBC4878C1DB0FB6D00CBCD4D /* MASLayoutConstraint.m */; };
		DBC487CC1DB0FB6D00CBCD4D /* MASViewAttribute.m in Sources */ = {isa = PBXBuildFile; fileRef = DBC487901DB0FB6D00CBCD4D /* MASViewAttribute.m */; };
		DBC487CD1DB0FB6D00CBCD4D /* MASViewConstraint.m in Sources */ = {isa = PBXBuildFile; fileRef = DBC487921DB0FB6D00CBCD4D /* MASViewConstraint.m */; };
		DBC487CE1DB0FB6D00CBCD4D /* NSArray+MASAdditions.m in Sources */ = {isa = PBXBuildFile; fileRef = DBC487941DB0FB6D00CBCD4D /* NSArray+MASAdditions.m */; };
		DBC487CF1DB0FB6D00CBCD4D /* NSLayoutConstraint+MASDebugAdditions.m in Sources */ = {isa = PBXBuildFile; fileRef = DBC487971DB0FB6D00CBCD4D /* NSLayoutConstraint+MASDebugAdditions.m */; };
		DBC487D01DB0FB6D00CBCD4D /* View+MASAdditions.m in Sources */ = {isa = PBXBuildFile; fileRef = DBC487991DB0FB6D00CBCD4D /* View+MASAdditions.m */; };
		DBC487D11DB0FB6D00CBCD4D /* ViewController+MASAdditions.m in Sources */ = {isa = PBXBuildFile; fileRef = DBC4879C1DB0FB6D00CBCD4D /* ViewController+MASAdditions.m */; };
		DBC487D21DB0FB6D00CBCD4D /* UIViewController+YXTLoadView.m in Sources */ = {isa = PBXBuildFile; fileRef = DBC4879F1DB0FB6D00CBCD4D /* UIViewController+YXTLoadView.m */; };
		DBC487D31DB0FB6D00CBCD4D /* YXTAlertChrysanthemumView.m in Sources */ = {isa = PBXBuildFile; fileRef = DBC487A11DB0FB6D00CBCD4D /* YXTAlertChrysanthemumView.m */; };
		DBC487D41DB0FB6D00CBCD4D /* YXTLoadFailureView.m in Sources */ = {isa = PBXBuildFile; fileRef = DBC487A31DB0FB6D00CBCD4D /* YXTLoadFailureView.m */; };
		DBC487D51DB0FB6D00CBCD4D /* YXTLoadingView.m in Sources */ = {isa = PBXBuildFile; fileRef = DBC487A51DB0FB6D00CBCD4D /* YXTLoadingView.m */; };
		DBC487D61DB0FB6D00CBCD4D /* YXTRequest.m in Sources */ = {isa = PBXBuildFile; fileRef = DBC487A71DB0FB6D00CBCD4D /* YXTRequest.m */; };
		DBC487D71DB0FB6D00CBCD4D /* YXTRootVC.m in Sources */ = {isa = PBXBuildFile; fileRef = DBC487A91DB0FB6D00CBCD4D /* YXTRootVC.m */; };
/* End PBXBuildFile section */

/* Begin PBXContainerItemProxy section */
		DBC487401DB0FAF800CBCD4D /* PBXContainerItemProxy */ = {
			isa = PBXContainerItemProxy;
			containerPortal = DBC4871E1DB0FAF800CBCD4D /* Project object */;
			proxyType = 1;
			remoteGlobalIDString = DBC487251DB0FAF800CBCD4D;
			remoteInfo = YXTRequestLoadAnimation;
		};
		DBC4874B1DB0FAF800CBCD4D /* PBXContainerItemProxy */ = {
			isa = PBXContainerItemProxy;
			containerPortal = DBC4871E1DB0FAF800CBCD4D /* Project object */;
			proxyType = 1;
			remoteGlobalIDString = DBC487251DB0FAF800CBCD4D;
			remoteInfo = YXTRequestLoadAnimation;
		};
/* End PBXContainerItemProxy section */

/* Begin PBXFileReference section */
		DBC487261DB0FAF800CBCD4D /* YXTRequestLoadAnimation.app */ = {isa = PBXFileReference; explicitFileType = wrapper.application; includeInIndex = 0; path = YXTRequestLoadAnimation.app; sourceTree = BUILT_PRODUCTS_DIR; };
		DBC4872A1DB0FAF800CBCD4D /* main.m */ = {isa = PBXFileReference; lastKnownFileType = sourcecode.c.objc; path = main.m; sourceTree = "<group>"; };
		DBC4872C1DB0FAF800CBCD4D /* AppDelegate.h */ = {isa = PBXFileReference; lastKnownFileType = sourcecode.c.h; path = AppDelegate.h; sourceTree = "<group>"; };
		DBC4872D1DB0FAF800CBCD4D /* AppDelegate.m */ = {isa = PBXFileReference; lastKnownFileType = sourcecode.c.objc; path = AppDelegate.m; sourceTree = "<group>"; };
		DBC487351DB0FAF800CBCD4D /* Assets.xcassets */ = {isa = PBXFileReference; lastKnownFileType = folder.assetcatalog; path = Assets.xcassets; sourceTree = "<group>"; };
		DBC487381DB0FAF800CBCD4D /* Base */ = {isa = PBXFileReference; lastKnownFileType = file.storyboard; name = Base; path = Base.lproj/LaunchScreen.storyboard; sourceTree = "<group>"; };
		DBC4873A1DB0FAF800CBCD4D /* Info.plist */ = {isa = PBXFileReference; lastKnownFileType = text.plist.xml; path = Info.plist; sourceTree = "<group>"; };
		DBC4873F1DB0FAF800CBCD4D /* YXTRequestLoadAnimationTests.xctest */ = {isa = PBXFileReference; explicitFileType = wrapper.cfbundle; includeInIndex = 0; path = YXTRequestLoadAnimationTests.xctest; sourceTree = BUILT_PRODUCTS_DIR; };
		DBC487431DB0FAF800CBCD4D /* YXTRequestLoadAnimationTests.m */ = {isa = PBXFileReference; lastKnownFileType = sourcecode.c.objc; path = YXTRequestLoadAnimationTests.m; sourceTree = "<group>"; };
		DBC487451DB0FAF800CBCD4D /* Info.plist */ = {isa = PBXFileReference; lastKnownFileType = text.plist.xml; path = Info.plist; sourceTree = "<group>"; };
		DBC4874A1DB0FAF800CBCD4D /* YXTRequestLoadAnimationUITests.xctest */ = {isa = PBXFileReference; explicitFileType = wrapper.cfbundle; includeInIndex = 0; path = YXTRequestLoadAnimationUITests.xctest; sourceTree = BUILT_PRODUCTS_DIR; };
		DBC4874E1DB0FAF800CBCD4D /* YXTRequestLoadAnimationUITests.m */ = {isa = PBXFileReference; lastKnownFileType = sourcecode.c.objc; path = YXTRequestLoadAnimationUITests.m; sourceTree = "<group>"; };
		DBC487501DB0FAF800CBCD4D /* Info.plist */ = {isa = PBXFileReference; lastKnownFileType = text.plist.xml; path = Info.plist; sourceTree = "<group>"; };
		DBC4875D1DB0FB6D00CBCD4D /* AFHTTPSessionManager.h */ = {isa = PBXFileReference; fileEncoding = 4; lastKnownFileType = sourcecode.c.h; path = AFHTTPSessionManager.h; sourceTree = "<group>"; };
		DBC4875E1DB0FB6D00CBCD4D /* AFHTTPSessionManager.m */ = {isa = PBXFileReference; fileEncoding = 4; lastKnownFileType = sourcecode.c.objc; path = AFHTTPSessionManager.m; sourceTree = "<group>"; };
		DBC4875F1DB0FB6D00CBCD4D /* AFNetworking.h */ = {isa = PBXFileReference; fileEncoding = 4; lastKnownFileType = sourcecode.c.h; path = AFNetworking.h; sourceTree = "<group>"; };
		DBC487601DB0FB6D00CBCD4D /* AFNetworkReachabilityManager.h */ = {isa = PBXFileReference; fileEncoding = 4; lastKnownFileType = sourcecode.c.h; path = AFNetworkReachabilityManager.h; sourceTree = "<group>"; };
		DBC487611DB0FB6D00CBCD4D /* AFNetworkReachabilityManager.m */ = {isa = PBXFileReference; fileEncoding = 4; lastKnownFileType = sourcecode.c.objc; path = AFNetworkReachabilityManager.m; sourceTree = "<group>"; };
		DBC487621DB0FB6D00CBCD4D /* AFSecurityPolicy.h */ = {isa = PBXFileReference; fileEncoding = 4; lastKnownFileType = sourcecode.c.h; path = AFSecurityPolicy.h; sourceTree = "<group>"; };
		DBC487631DB0FB6D00CBCD4D /* AFSecurityPolicy.m */ = {isa = PBXFileReference; fileEncoding = 4; lastKnownFileType = sourcecode.c.objc; path = AFSecurityPolicy.m; sourceTree = "<group>"; };
		DBC487641DB0FB6D00CBCD4D /* AFURLRequestSerialization.h */ = {isa = PBXFileReference; fileEncoding = 4; lastKnownFileType = sourcecode.c.h; path = AFURLRequestSerialization.h; sourceTree = "<group>"; };
		DBC487651DB0FB6D00CBCD4D /* AFURLRequestSerialization.m */ = {isa = PBXFileReference; fileEncoding = 4; lastKnownFileType = sourcecode.c.objc; path = AFURLRequestSerialization.m; sourceTree = "<group>"; };
		DBC487661DB0FB6D00CBCD4D /* AFURLResponseSerialization.h */ = {isa = PBXFileReference; fileEncoding = 4; lastKnownFileType = sourcecode.c.h; path = AFURLResponseSerialization.h; sourceTree = "<group>"; };
		DBC487671DB0FB6D00CBCD4D /* AFURLResponseSerialization.m */ = {isa = PBXFileReference; fileEncoding = 4; lastKnownFileType = sourcecode.c.objc; path = AFURLResponseSerialization.m; sourceTree = "<group>"; };
		DBC487681DB0FB6D00CBCD4D /* AFURLSessionManager.h */ = {isa = PBXFileReference; fileEncoding = 4; lastKnownFileType = sourcecode.c.h; path = AFURLSessionManager.h; sourceTree = "<group>"; };
		DBC487691DB0FB6D00CBCD4D /* AFURLSessionManager.m */ = {isa = PBXFileReference; fileEncoding = 4; lastKnownFileType = sourcecode.c.objc; path = AFURLSessionManager.m; sourceTree = "<group>"; };
		DBC4876B1DB0FB6D00CBCD4D /* CCloading－1.tiff */ = {isa = PBXFileReference; lastKnownFileType = image.tiff; path = "CCloading－1.tiff"; sourceTree = "<group>"; };
		DBC4876C1DB0FB6D00CBCD4D /* CCloading－2.tiff */ = {isa = PBXFileReference; lastKnownFileType = image.tiff; path = "CCloading－2.tiff"; sourceTree = "<group>"; };
		DBC4876D1DB0FB6D00CBCD4D /* loading01.png */ = {isa = PBXFileReference; lastKnownFileType = image.png; path = loading01.png; sourceTree = "<group>"; };
		DBC4876E1DB0FB6D00CBCD4D /* loading01@2x.png */ = {isa = PBXFileReference; lastKnownFileType = image.png; path = "loading01@2x.png"; sourceTree = "<group>"; };
		DBC4876F1DB0FB6D00CBCD4D /* loading01_.png */ = {isa = PBXFileReference; lastKnownFileType = image.png; path = loading01_.png; sourceTree = "<group>"; };
		DBC487701DB0FB6D00CBCD4D /* loading01_@2x.png */ = {isa = PBXFileReference; lastKnownFileType = image.png; path = "loading01_@2x.png"; sourceTree = "<group>"; };
		DBC487711DB0FB6D00CBCD4D /* loading02.png */ = {isa = PBXFileReference; lastKnownFileType = image.png; path = loading02.png; sourceTree = "<group>"; };
		DBC487721DB0FB6D00CBCD4D /* loading02@2x.png */ = {isa = PBXFileReference; lastKnownFileType = image.png; path = "loading02@2x.png"; sourceTree = "<group>"; };
		DBC487731DB0FB6D00CBCD4D /* loading03.png */ = {isa = PBXFileReference; lastKnownFileType = image.png; path = loading03.png; sourceTree = "<group>"; };
		DBC487741DB0FB6D00CBCD4D /* loading03@2x.png */ = {isa = PBXFileReference; lastKnownFileType = image.png; path = "loading03@2x.png"; sourceTree = "<group>"; };
		DBC487751DB0FB6D00CBCD4D /* loading04.png */ = {isa = PBXFileReference; lastKnownFileType = image.png; path = loading04.png; sourceTree = "<group>"; };
		DBC487761DB0FB6D00CBCD4D /* loading04@2x.png */ = {isa = PBXFileReference; lastKnownFileType = image.png; path = "loading04@2x.png"; sourceTree = "<group>"; };
		DBC487771DB0FB6D00CBCD4D /* loading05.png */ = {isa = PBXFileReference; lastKnownFileType = image.png; path = loading05.png; sourceTree = "<group>"; };
		DBC487781DB0FB6D00CBCD4D /* loading05@2x.png */ = {isa = PBXFileReference; lastKnownFileType = image.png; path = "loading05@2x.png"; sourceTree = "<group>"; };
		DBC487791DB0FB6D00CBCD4D /* loading06.png */ = {isa = PBXFileReference; lastKnownFileType = image.png; path = loading06.png; sourceTree = "<group>"; };
		DBC4877A1DB0FB6D00CBCD4D /* loading06@2x.png */ = {isa = PBXFileReference; lastKnownFileType = image.png; path = "loading06@2x.png"; sourceTree = "<group>"; };
		DBC4877B1DB0FB6D00CBCD4D /* loading07.png */ = {isa = PBXFileReference; lastKnownFileType = image.png; path = loading07.png; sourceTree = "<group>"; };
		DBC4877C1DB0FB6D00CBCD4D /* loading07@2x.png */ = {isa = PBXFileReference; lastKnownFileType = image.png; path = "loading07@2x.png"; sourceTree = "<group>"; };
		DBC4877D1DB0FB6D00CBCD4D /* loading08.png */ = {isa = PBXFileReference; lastKnownFileType = image.png; path = loading08.png; sourceTree = "<group>"; };
		DBC4877E1DB0FB6D00CBCD4D /* loading08@2x.png */ = {isa = PBXFileReference; lastKnownFileType = image.png; path = "loading08@2x.png"; sourceTree = "<group>"; };
		DBC4877F1DB0FB6D00CBCD4D /* loading09.png */ = {isa = PBXFileReference; lastKnownFileType = image.png; path = loading09.png; sourceTree = "<group>"; };
		DBC487801DB0FB6D00CBCD4D /* loading09@2x.png */ = {isa = PBXFileReference; lastKnownFileType = image.png; path = "loading09@2x.png"; sourceTree = "<group>"; };
		DBC487811DB0FB6D00CBCD4D /* loading10.png */ = {isa = PBXFileReference; lastKnownFileType = image.png; path = loading10.png; sourceTree = "<group>"; };
		DBC487821DB0FB6D00CBCD4D /* NoNetImage.png */ = {isa = PBXFileReference; lastKnownFileType = image.png; path = NoNetImage.png; sourceTree = "<group>"; };
		DBC487841DB0FB6D00CBCD4D /* MASCompositeConstraint.h */ = {isa = PBXFileReference; fileEncoding = 4; lastKnownFileType = sourcecode.c.h; path = MASCompositeConstraint.h; sourceTree = "<group>"; };
		DBC487851DB0FB6D00CBCD4D /* MASCompositeConstraint.m */ = {isa = PBXFileReference; fileEncoding = 4; lastKnownFileType = sourcecode.c.objc; path = MASCompositeConstraint.m; sourceTree = "<group>"; };
		DBC487861DB0FB6D00CBCD4D /* MASConstraint+Private.h */ = {isa = PBXFileReference; fileEncoding = 4; lastKnownFileType = sourcecode.c.h; path = "MASConstraint+Private.h"; sourceTree = "<group>"; };
		DBC487871DB0FB6D00CBCD4D /* MASConstraint.h */ = {isa = PBXFileReference; fileEncoding = 4; lastKnownFileType = sourcecode.c.h; path = MASConstraint.h; sourceTree = "<group>"; };
		DBC487881DB0FB6D00CBCD4D /* MASConstraint.m */ = {isa = PBXFileReference; fileEncoding = 4; lastKnownFileType = sourcecode.c.objc; path = MASConstraint.m; sourceTree = "<group>"; };
		DBC487891DB0FB6D00CBCD4D /* MASConstraintMaker.h */ = {isa = PBXFileReference; fileEncoding = 4; lastKnownFileType = sourcecode.c.h; path = MASConstraintMaker.h; sourceTree = "<group>"; };
		DBC4878A1DB0FB6D00CBCD4D /* MASConstraintMaker.m */ = {isa = PBXFileReference; fileEncoding = 4; lastKnownFileType = sourcecode.c.objc; path = MASConstraintMaker.m; sourceTree = "<group>"; };
		DBC4878B1DB0FB6D00CBCD4D /* MASLayoutConstraint.h */ = {isa = PBXFileReference; fileEncoding = 4; lastKnownFileType = sourcecode.c.h; path = MASLayoutConstraint.h; sourceTree = "<group>"; };
		DBC4878C1DB0FB6D00CBCD4D /* MASLayoutConstraint.m */ = {isa = PBXFileReference; fileEncoding = 4; lastKnownFileType = sourcecode.c.objc; path = MASLayoutConstraint.m; sourceTree = "<group>"; };
		DBC4878D1DB0FB6D00CBCD4D /* Masonry.h */ = {isa = PBXFileReference; fileEncoding = 4; lastKnownFileType = sourcecode.c.h; path = Masonry.h; sourceTree = "<group>"; };
		DBC4878E1DB0FB6D00CBCD4D /* MASUtilities.h */ = {isa = PBXFileReference; fileEncoding = 4; lastKnownFileType = sourcecode.c.h; path = MASUtilities.h; sourceTree = "<group>"; };
		DBC4878F1DB0FB6D00CBCD4D /* MASViewAttribute.h */ = {isa = PBXFileReference; fileEncoding = 4; lastKnownFileType = sourcecode.c.h; path = MASViewAttribute.h; sourceTree = "<group>"; };
		DBC487901DB0FB6D00CBCD4D /* MASViewAttribute.m */ = {isa = PBXFileReference; fileEncoding = 4; lastKnownFileType = sourcecode.c.objc; path = MASViewAttribute.m; sourceTree = "<group>"; };
		DBC487911DB0FB6D00CBCD4D /* MASViewConstraint.h */ = {isa = PBXFileReference; fileEncoding = 4; lastKnownFileType = sourcecode.c.h; path = MASViewConstraint.h; sourceTree = "<group>"; };
		DBC487921DB0FB6D00CBCD4D /* MASViewConstraint.m */ = {isa = PBXFileReference; fileEncoding = 4; lastKnownFileType = sourcecode.c.objc; path = MASViewConstraint.m; sourceTree = "<group>"; };
		DBC487931DB0FB6D00CBCD4D /* NSArray+MASAdditions.h */ = {isa = PBXFileReference; fileEncoding = 4; lastKnownFileType = sourcecode.c.h; path = "NSArray+MASAdditions.h"; sourceTree = "<group>"; };
		DBC487941DB0FB6D00CBCD4D /* NSArray+MASAdditions.m */ = {isa = PBXFileReference; fileEncoding = 4; lastKnownFileType = sourcecode.c.objc; path = "NSArray+MASAdditions.m"; sourceTree = "<group>"; };
		DBC487951DB0FB6D00CBCD4D /* NSArray+MASShorthandAdditions.h */ = {isa = PBXFileReference; fileEncoding = 4; lastKnownFileType = sourcecode.c.h; path = "NSArray+MASShorthandAdditions.h"; sourceTree = "<group>"; };
		DBC487961DB0FB6D00CBCD4D /* NSLayoutConstraint+MASDebugAdditions.h */ = {isa = PBXFileReference; fileEncoding = 4; lastKnownFileType = sourcecode.c.h; path = "NSLayoutConstraint+MASDebugAdditions.h"; sourceTree = "<group>"; };
		DBC487971DB0FB6D00CBCD4D /* NSLayoutConstraint+MASDebugAdditions.m */ = {isa = PBXFileReference; fileEncoding = 4; lastKnownFileType = sourcecode.c.objc; path = "NSLayoutConstraint+MASDebugAdditions.m"; sourceTree = "<group>"; };
		DBC487981DB0FB6D00CBCD4D /* View+MASAdditions.h */ = {isa = PBXFileReference; fileEncoding = 4; lastKnownFileType = sourcecode.c.h; path = "View+MASAdditions.h"; sourceTree = "<group>"; };
		DBC487991DB0FB6D00CBCD4D /* View+MASAdditions.m */ = {isa = PBXFileReference; fileEncoding = 4; lastKnownFileType = sourcecode.c.objc; path = "View+MASAdditions.m"; sourceTree = "<group>"; };
		DBC4879A1DB0FB6D00CBCD4D /* View+MASShorthandAdditions.h */ = {isa = PBXFileReference; fileEncoding = 4; lastKnownFileType = sourcecode.c.h; path = "View+MASShorthandAdditions.h"; sourceTree = "<group>"; };
		DBC4879B1DB0FB6D00CBCD4D /* ViewController+MASAdditions.h */ = {isa = PBXFileReference; fileEncoding = 4; lastKnownFileType = sourcecode.c.h; path = "ViewController+MASAdditions.h"; sourceTree = "<group>"; };
		DBC4879C1DB0FB6D00CBCD4D /* ViewController+MASAdditions.m */ = {isa = PBXFileReference; fileEncoding = 4; lastKnownFileType = sourcecode.c.objc; path = "ViewController+MASAdditions.m"; sourceTree = "<group>"; };
		DBC4879E1DB0FB6D00CBCD4D /* UIViewController+YXTLoadView.h */ = {isa = PBXFileReference; fileEncoding = 4; lastKnownFileType = sourcecode.c.h; path = "UIViewController+YXTLoadView.h"; sourceTree = "<group>"; };
		DBC4879F1DB0FB6D00CBCD4D /* UIViewController+YXTLoadView.m */ = {isa = PBXFileReference; fileEncoding = 4; lastKnownFileType = sourcecode.c.objc; path = "UIViewController+YXTLoadView.m"; sourceTree = "<group>"; };
		DBC487A01DB0FB6D00CBCD4D /* YXTAlertChrysanthemumView.h */ = {isa = PBXFileReference; fileEncoding = 4; lastKnownFileType = sourcecode.c.h; path = YXTAlertChrysanthemumView.h; sourceTree = "<group>"; };
		DBC487A11DB0FB6D00CBCD4D /* YXTAlertChrysanthemumView.m */ = {isa = PBXFileReference; fileEncoding = 4; lastKnownFileType = sourcecode.c.objc; path = YXTAlertChrysanthemumView.m; sourceTree = "<group>"; };
		DBC487A21DB0FB6D00CBCD4D /* YXTLoadFailureView.h */ = {isa = PBXFileReference; fileEncoding = 4; lastKnownFileType = sourcecode.c.h; path = YXTLoadFailureView.h; sourceTree = "<group>"; };
		DBC487A31DB0FB6D00CBCD4D /* YXTLoadFailureView.m */ = {isa = PBXFileReference; fileEncoding = 4; lastKnownFileType = sourcecode.c.objc; path = YXTLoadFailureView.m; sourceTree = "<group>"; };
		DBC487A41DB0FB6D00CBCD4D /* YXTLoadingView.h */ = {isa = PBXFileReference; fileEncoding = 4; lastKnownFileType = sourcecode.c.h; path = YXTLoadingView.h; sourceTree = "<group>"; };
		DBC487A51DB0FB6D00CBCD4D /* YXTLoadingView.m */ = {isa = PBXFileReference; fileEncoding = 4; lastKnownFileType = sourcecode.c.objc; path = YXTLoadingView.m; sourceTree = "<group>"; };
		DBC487A61DB0FB6D00CBCD4D /* YXTRequest.h */ = {isa = PBXFileReference; fileEncoding = 4; lastKnownFileType = sourcecode.c.h; path = YXTRequest.h; sourceTree = "<group>"; };
		DBC487A71DB0FB6D00CBCD4D /* YXTRequest.m */ = {isa = PBXFileReference; fileEncoding = 4; lastKnownFileType = sourcecode.c.objc; path = YXTRequest.m; sourceTree = "<group>"; };
		DBC487A81DB0FB6D00CBCD4D /* YXTRootVC.h */ = {isa = PBXFileReference; fileEncoding = 4; lastKnownFileType = sourcecode.c.h; path = YXTRootVC.h; sourceTree = "<group>"; };
		DBC487A91DB0FB6D00CBCD4D /* YXTRootVC.m */ = {isa = PBXFileReference; fileEncoding = 4; lastKnownFileType = sourcecode.c.objc; path = YXTRootVC.m; sourceTree = "<group>"; };
/* End PBXFileReference section */

/* Begin PBXFrameworksBuildPhase section */
		DBC487231DB0FAF800CBCD4D /* Frameworks */ = {
			isa = PBXFrameworksBuildPhase;
			buildActionMask = 2147483647;
			files = (
			);
			runOnlyForDeploymentPostprocessing = 0;
		};
		DBC4873C1DB0FAF800CBCD4D /* Frameworks */ = {
			isa = PBXFrameworksBuildPhase;
			buildActionMask = 2147483647;
			files = (
			);
			runOnlyForDeploymentPostprocessing = 0;
		};
		DBC487471DB0FAF800CBCD4D /* Frameworks */ = {
			isa = PBXFrameworksBuildPhase;
			buildActionMask = 2147483647;
			files = (
			);
			runOnlyForDeploymentPostprocessing = 0;
		};
/* End PBXFrameworksBuildPhase section */

/* Begin PBXGroup section */
		DBC4871D1DB0FAF800CBCD4D = {
			isa = PBXGroup;
			children = (
				DBC487281DB0FAF800CBCD4D /* YXTRequestLoadAnimation */,
				DBC487421DB0FAF800CBCD4D /* YXTRequestLoadAnimationTests */,
				DBC4874D1DB0FAF800CBCD4D /* YXTRequestLoadAnimationUITests */,
				DBC487271DB0FAF800CBCD4D /* Products */,
			);
			sourceTree = "<group>";
		};
		DBC487271DB0FAF800CBCD4D /* Products */ = {
			isa = PBXGroup;
			children = (
				DBC487261DB0FAF800CBCD4D /* YXTRequestLoadAnimation.app */,
				DBC4873F1DB0FAF800CBCD4D /* YXTRequestLoadAnimationTests.xctest */,
				DBC4874A1DB0FAF800CBCD4D /* YXTRequestLoadAnimationUITests.xctest */,
			);
			name = Products;
			sourceTree = "<group>";
		};
		DBC487281DB0FAF800CBCD4D /* YXTRequestLoadAnimation */ = {
			isa = PBXGroup;
			children = (
				DBC4872C1DB0FAF800CBCD4D /* AppDelegate.h */,
				DBC4872D1DB0FAF800CBCD4D /* AppDelegate.m */,
				DBC4875C1DB0FB6D00CBCD4D /* AFNetworking */,
				DBC4876A1DB0FB6D00CBCD4D /* LoadingIcon */,
				DBC487831DB0FB6D00CBCD4D /* Masonry */,
				DBC4879D1DB0FB6D00CBCD4D /* YXTRequestLoad */,
				DBC487A81DB0FB6D00CBCD4D /* YXTRootVC.h */,
				DBC487A91DB0FB6D00CBCD4D /* YXTRootVC.m */,
				DBC487351DB0FAF800CBCD4D /* Assets.xcassets */,
				DBC487371DB0FAF800CBCD4D /* LaunchScreen.storyboard */,
				DBC4873A1DB0FAF800CBCD4D /* Info.plist */,
				DBC487291DB0FAF800CBCD4D /* Supporting Files */,
			);
			path = YXTRequestLoadAnimation;
			sourceTree = "<group>";
		};
		DBC487291DB0FAF800CBCD4D /* Supporting Files */ = {
			isa = PBXGroup;
			children = (
				DBC4872A1DB0FAF800CBCD4D /* main.m */,
			);
			name = "Supporting Files";
			sourceTree = "<group>";
		};
		DBC487421DB0FAF800CBCD4D /* YXTRequestLoadAnimationTests */ = {
			isa = PBXGroup;
			children = (
				DBC487431DB0FAF800CBCD4D /* YXTRequestLoadAnimationTests.m */,
				DBC487451DB0FAF800CBCD4D /* Info.plist */,
			);
			path = YXTRequestLoadAnimationTests;
			sourceTree = "<group>";
		};
		DBC4874D1DB0FAF800CBCD4D /* YXTRequestLoadAnimationUITests */ = {
			isa = PBXGroup;
			children = (
				DBC4874E1DB0FAF800CBCD4D /* YXTRequestLoadAnimationUITests.m */,
				DBC487501DB0FAF800CBCD4D /* Info.plist */,
			);
			path = YXTRequestLoadAnimationUITests;
			sourceTree = "<group>";
		};
		DBC4875C1DB0FB6D00CBCD4D /* AFNetworking */ = {
			isa = PBXGroup;
			children = (
				DBC4875D1DB0FB6D00CBCD4D /* AFHTTPSessionManager.h */,
				DBC4875E1DB0FB6D00CBCD4D /* AFHTTPSessionManager.m */,
				DBC4875F1DB0FB6D00CBCD4D /* AFNetworking.h */,
				DBC487601DB0FB6D00CBCD4D /* AFNetworkReachabilityManager.h */,
				DBC487611DB0FB6D00CBCD4D /* AFNetworkReachabilityManager.m */,
				DBC487621DB0FB6D00CBCD4D /* AFSecurityPolicy.h */,
				DBC487631DB0FB6D00CBCD4D /* AFSecurityPolicy.m */,
				DBC487641DB0FB6D00CBCD4D /* AFURLRequestSerialization.h */,
				DBC487651DB0FB6D00CBCD4D /* AFURLRequestSerialization.m */,
				DBC487661DB0FB6D00CBCD4D /* AFURLResponseSerialization.h */,
				DBC487671DB0FB6D00CBCD4D /* AFURLResponseSerialization.m */,
				DBC487681DB0FB6D00CBCD4D /* AFURLSessionManager.h */,
				DBC487691DB0FB6D00CBCD4D /* AFURLSessionManager.m */,
			);
			path = AFNetworking;
			sourceTree = "<group>";
		};
		DBC4876A1DB0FB6D00CBCD4D /* LoadingIcon */ = {
			isa = PBXGroup;
			children = (
				DBC4876B1DB0FB6D00CBCD4D /* CCloading－1.tiff */,
				DBC4876C1DB0FB6D00CBCD4D /* CCloading－2.tiff */,
				DBC4876D1DB0FB6D00CBCD4D /* loading01.png */,
				DBC4876E1DB0FB6D00CBCD4D /* loading01@2x.png */,
				DBC4876F1DB0FB6D00CBCD4D /* loading01_.png */,
				DBC487701DB0FB6D00CBCD4D /* loading01_@2x.png */,
				DBC487711DB0FB6D00CBCD4D /* loading02.png */,
				DBC487721DB0FB6D00CBCD4D /* loading02@2x.png */,
				DBC487731DB0FB6D00CBCD4D /* loading03.png */,
				DBC487741DB0FB6D00CBCD4D /* loading03@2x.png */,
				DBC487751DB0FB6D00CBCD4D /* loading04.png */,
				DBC487761DB0FB6D00CBCD4D /* loading04@2x.png */,
				DBC487771DB0FB6D00CBCD4D /* loading05.png */,
				DBC487781DB0FB6D00CBCD4D /* loading05@2x.png */,
				DBC487791DB0FB6D00CBCD4D /* loading06.png */,
				DBC4877A1DB0FB6D00CBCD4D /* loading06@2x.png */,
				DBC4877B1DB0FB6D00CBCD4D /* loading07.png */,
				DBC4877C1DB0FB6D00CBCD4D /* loading07@2x.png */,
				DBC4877D1DB0FB6D00CBCD4D /* loading08.png */,
				DBC4877E1DB0FB6D00CBCD4D /* loading08@2x.png */,
				DBC4877F1DB0FB6D00CBCD4D /* loading09.png */,
				DBC487801DB0FB6D00CBCD4D /* loading09@2x.png */,
				DBC487811DB0FB6D00CBCD4D /* loading10.png */,
				DBC487821DB0FB6D00CBCD4D /* NoNetImage.png */,
			);
			path = LoadingIcon;
			sourceTree = "<group>";
		};
		DBC487831DB0FB6D00CBCD4D /* Masonry */ = {
			isa = PBXGroup;
			children = (
				DBC487841DB0FB6D00CBCD4D /* MASCompositeConstraint.h */,
				DBC487851DB0FB6D00CBCD4D /* MASCompositeConstraint.m */,
				DBC487861DB0FB6D00CBCD4D /* MASConstraint+Private.h */,
				DBC487871DB0FB6D00CBCD4D /* MASConstraint.h */,
				DBC487881DB0FB6D00CBCD4D /* MASConstraint.m */,
				DBC487891DB0FB6D00CBCD4D /* MASConstraintMaker.h */,
				DBC4878A1DB0FB6D00CBCD4D /* MASConstraintMaker.m */,
				DBC4878B1DB0FB6D00CBCD4D /* MASLayoutConstraint.h */,
				DBC4878C1DB0FB6D00CBCD4D /* MASLayoutConstraint.m */,
				DBC4878D1DB0FB6D00CBCD4D /* Masonry.h */,
				DBC4878E1DB0FB6D00CBCD4D /* MASUtilities.h */,
				DBC4878F1DB0FB6D00CBCD4D /* MASViewAttribute.h */,
				DBC487901DB0FB6D00CBCD4D /* MASViewAttribute.m */,
				DBC487911DB0FB6D00CBCD4D /* MASViewConstraint.h */,
				DBC487921DB0FB6D00CBCD4D /* MASViewConstraint.m */,
				DBC487931DB0FB6D00CBCD4D /* NSArray+MASAdditions.h */,
				DBC487941DB0FB6D00CBCD4D /* NSArray+MASAdditions.m */,
				DBC487951DB0FB6D00CBCD4D /* NSArray+MASShorthandAdditions.h */,
				DBC487961DB0FB6D00CBCD4D /* NSLayoutConstraint+MASDebugAdditions.h */,
				DBC487971DB0FB6D00CBCD4D /* NSLayoutConstraint+MASDebugAdditions.m */,
				DBC487981DB0FB6D00CBCD4D /* View+MASAdditions.h */,
				DBC487991DB0FB6D00CBCD4D /* View+MASAdditions.m */,
				DBC4879A1DB0FB6D00CBCD4D /* View+MASShorthandAdditions.h */,
				DBC4879B1DB0FB6D00CBCD4D /* ViewController+MASAdditions.h */,
				DBC4879C1DB0FB6D00CBCD4D /* ViewController+MASAdditions.m */,
			);
			path = Masonry;
			sourceTree = "<group>";
		};
		DBC4879D1DB0FB6D00CBCD4D /* YXTRequestLoad */ = {
			isa = PBXGroup;
			children = (
				DBC4879E1DB0FB6D00CBCD4D /* UIViewController+YXTLoadView.h */,
				DBC4879F1DB0FB6D00CBCD4D /* UIViewController+YXTLoadView.m */,
				DBC487A01DB0FB6D00CBCD4D /* YXTAlertChrysanthemumView.h */,
				DBC487A11DB0FB6D00CBCD4D /* YXTAlertChrysanthemumView.m */,
				DBC487A21DB0FB6D00CBCD4D /* YXTLoadFailureView.h */,
				DBC487A31DB0FB6D00CBCD4D /* YXTLoadFailureView.m */,
				DBC487A41DB0FB6D00CBCD4D /* YXTLoadingView.h */,
				DBC487A51DB0FB6D00CBCD4D /* YXTLoadingView.m */,
				DBC487A61DB0FB6D00CBCD4D /* YXTRequest.h */,
				DBC487A71DB0FB6D00CBCD4D /* YXTRequest.m */,
			);
			path = YXTRequestLoad;
			sourceTree = "<group>";
		};
/* End PBXGroup section */

/* Begin PBXNativeTarget section */
		DBC487251DB0FAF800CBCD4D /* YXTRequestLoadAnimation */ = {
			isa = PBXNativeTarget;
			buildConfigurationList = DBC487531DB0FAF800CBCD4D /* Build configuration list for PBXNativeTarget "YXTRequestLoadAnimation" */;
			buildPhases = (
				DBC487221DB0FAF800CBCD4D /* Sources */,
				DBC487231DB0FAF800CBCD4D /* Frameworks */,
				DBC487241DB0FAF800CBCD4D /* Resources */,
			);
			buildRules = (
			);
			dependencies = (
			);
			name = YXTRequestLoadAnimation;
			productName = YXTRequestLoadAnimation;
			productReference = DBC487261DB0FAF800CBCD4D /* YXTRequestLoadAnimation.app */;
			productType = "com.apple.product-type.application";
		};
		DBC4873E1DB0FAF800CBCD4D /* YXTRequestLoadAnimationTests */ = {
			isa = PBXNativeTarget;
			buildConfigurationList = DBC487561DB0FAF800CBCD4D /* Build configuration list for PBXNativeTarget "YXTRequestLoadAnimationTests" */;
			buildPhases = (
				DBC4873B1DB0FAF800CBCD4D /* Sources */,
				DBC4873C1DB0FAF800CBCD4D /* Frameworks */,
				DBC4873D1DB0FAF800CBCD4D /* Resources */,
			);
			buildRules = (
			);
			dependencies = (
				DBC487411DB0FAF800CBCD4D /* PBXTargetDependency */,
			);
			name = YXTRequestLoadAnimationTests;
			productName = YXTRequestLoadAnimationTests;
			productReference = DBC4873F1DB0FAF800CBCD4D /* YXTRequestLoadAnimationTests.xctest */;
			productType = "com.apple.product-type.bundle.unit-test";
		};
		DBC487491DB0FAF800CBCD4D /* YXTRequestLoadAnimationUITests */ = {
			isa = PBXNativeTarget;
			buildConfigurationList = DBC487591DB0FAF800CBCD4D /* Build configuration list for PBXNativeTarget "YXTRequestLoadAnimationUITests" */;
			buildPhases = (
				DBC487461DB0FAF800CBCD4D /* Sources */,
				DBC487471DB0FAF800CBCD4D /* Frameworks */,
				DBC487481DB0FAF800CBCD4D /* Resources */,
			);
			buildRules = (
			);
			dependencies = (
				DBC4874C1DB0FAF800CBCD4D /* PBXTargetDependency */,
			);
			name = YXTRequestLoadAnimationUITests;
			productName = YXTRequestLoadAnimationUITests;
			productReference = DBC4874A1DB0FAF800CBCD4D /* YXTRequestLoadAnimationUITests.xctest */;
			productType = "com.apple.product-type.bundle.ui-testing";
		};
/* End PBXNativeTarget section */

/* Begin PBXProject section */
		DBC4871E1DB0FAF800CBCD4D /* Project object */ = {
			isa = PBXProject;
			attributes = {
				LastUpgradeCheck = 0800;
				ORGANIZATIONNAME = YXT;
				TargetAttributes = {
					DBC487251DB0FAF800CBCD4D = {
						CreatedOnToolsVersion = 8.0;
						ProvisioningStyle = Automatic;
					};
					DBC4873E1DB0FAF800CBCD4D = {
						CreatedOnToolsVersion = 8.0;
						ProvisioningStyle = Automatic;
						TestTargetID = DBC487251DB0FAF800CBCD4D;
					};
					DBC487491DB0FAF800CBCD4D = {
						CreatedOnToolsVersion = 8.0;
						ProvisioningStyle = Automatic;
						TestTargetID = DBC487251DB0FAF800CBCD4D;
					};
				};
			};
			buildConfigurationList = DBC487211DB0FAF800CBCD4D /* Build configuration list for PBXProject "YXTRequestLoadAnimation" */;
			compatibilityVersion = "Xcode 3.2";
			developmentRegion = English;
			hasScannedForEncodings = 0;
			knownRegions = (
				en,
				Base,
			);
			mainGroup = DBC4871D1DB0FAF800CBCD4D;
			productRefGroup = DBC487271DB0FAF800CBCD4D /* Products */;
			projectDirPath = "";
			projectRoot = "";
			targets = (
				DBC487251DB0FAF800CBCD4D /* YXTRequestLoadAnimation */,
				DBC4873E1DB0FAF800CBCD4D /* YXTRequestLoadAnimationTests */,
				DBC487491DB0FAF800CBCD4D /* YXTRequestLoadAnimationUITests */,
			);
		};
/* End PBXProject section */

/* Begin PBXResourcesBuildPhase section */
		DBC487241DB0FAF800CBCD4D /* Resources */ = {
			isa = PBXResourcesBuildPhase;
			buildActionMask = 2147483647;
			files = (
				DBC487C01DB0FB6D00CBCD4D /* loading07.png in Resources */,
				DBC487BD1DB0FB6D00CBCD4D /* loading05@2x.png in Resources */,
				DBC487BE1DB0FB6D00CBCD4D /* loading06.png in Resources */,
				DBC487B81DB0FB6D00CBCD4D /* loading03.png in Resources */,
				DBC487B01DB0FB6D00CBCD4D /* CCloading－1.tiff in Resources */,
				DBC487C31DB0FB6D00CBCD4D /* loading08@2x.png in Resources */,
				DBC487B91DB0FB6D00CBCD4D /* loading03@2x.png in Resources */,
				DBC487C41DB0FB6D00CBCD4D /* loading09.png in Resources */,
				DBC487B21DB0FB6D00CBCD4D /* loading01.png in Resources */,
				DBC487B41DB0FB6D00CBCD4D /* loading01_.png in Resources */,
				DBC487C21DB0FB6D00CBCD4D /* loading08.png in Resources */,
				DBC487BB1DB0FB6D00CBCD4D /* loading04@2x.png in Resources */,
				DBC487391DB0FAF800CBCD4D /* LaunchScreen.storyboard in Resources */,
				DBC487C61DB0FB6D00CBCD4D /* loading10.png in Resources */,
				DBC487B51DB0FB6D00CBCD4D /* loading01_@2x.png in Resources */,
				DBC487BC1DB0FB6D00CBCD4D /* loading05.png in Resources */,
				DBC487BF1DB0FB6D00CBCD4D /* loading06@2x.png in Resources */,
				DBC487B61DB0FB6D00CBCD4D /* loading02.png in Resources */,
				DBC487C11DB0FB6D00CBCD4D /* loading07@2x.png in Resources */,
				DBC487B11DB0FB6D00CBCD4D /* CCloading－2.tiff in Resources */,
				DBC487B31DB0FB6D00CBCD4D /* loading01@2x.png in Resources */,
				DBC487C51DB0FB6D00CBCD4D /* loading09@2x.png in Resources */,
				DBC487361DB0FAF800CBCD4D /* Assets.xcassets in Resources */,
				DBC487B71DB0FB6D00CBCD4D /* loading02@2x.png in Resources */,
				DBC487C71DB0FB6D00CBCD4D /* NoNetImage.png in Resources */,
				DBC487BA1DB0FB6D00CBCD4D /* loading04.png in Resources */,
			);
			runOnlyForDeploymentPostprocessing = 0;
		};
		DBC4873D1DB0FAF800CBCD4D /* Resources */ = {
			isa = PBXResourcesBuildPhase;
			buildActionMask = 2147483647;
			files = (
			);
			runOnlyForDeploymentPostprocessing = 0;
		};
		DBC487481DB0FAF800CBCD4D /* Resources */ = {
			isa = PBXResourcesBuildPhase;
			buildActionMask = 2147483647;
			files = (
			);
			runOnlyForDeploymentPostprocessing = 0;
		};
/* End PBXResourcesBuildPhase section */

/* Begin PBXSourcesBuildPhase section */
		DBC487221DB0FAF800CBCD4D /* Sources */ = {
			isa = PBXSourcesBuildPhase;
			buildActionMask = 2147483647;
			files = (
				DBC487AA1DB0FB6D00CBCD4D /* AFHTTPSessionManager.m in Sources */,
				DBC487AF1DB0FB6D00CBCD4D /* AFURLSessionManager.m in Sources */,
				DBC487CE1DB0FB6D00CBCD4D /* NSArray+MASAdditions.m in Sources */,
				DBC487AC1DB0FB6D00CBCD4D /* AFSecurityPolicy.m in Sources */,
				DBC4872E1DB0FAF800CBCD4D /* AppDelegate.m in Sources */,
				DBC487D01DB0FB6D00CBCD4D /* View+MASAdditions.m in Sources */,
				DBC487D31DB0FB6D00CBCD4D /* YXTAlertChrysanthemumView.m in Sources */,
				DBC487CB1DB0FB6D00CBCD4D /* MASLayoutConstraint.m in Sources */,
				DBC487D71DB0FB6D00CBCD4D /* YXTRootVC.m in Sources */,
				DBC487C91DB0FB6D00CBCD4D /* MASConstraint.m in Sources */,
				DBC487CF1DB0FB6D00CBCD4D /* NSLayoutConstraint+MASDebugAdditions.m in Sources */,
				DBC487D21DB0FB6D00CBCD4D /* UIViewController+YXTLoadView.m in Sources */,
				DBC487C81DB0FB6D00CBCD4D /* MASCompositeConstraint.m in Sources */,
				DBC487AD1DB0FB6D00CBCD4D /* AFURLRequestSerialization.m in Sources */,
				DBC487AB1DB0FB6D00CBCD4D /* AFNetworkReachabilityManager.m in Sources */,
				DBC487AE1DB0FB6D00CBCD4D /* AFURLResponseSerialization.m in Sources */,
				DBC487CA1DB0FB6D00CBCD4D /* MASConstraintMaker.m in Sources */,
				DBC487D61DB0FB6D00CBCD4D /* YXTRequest.m in Sources */,
				DBC487D11DB0FB6D00CBCD4D /* ViewController+MASAdditions.m in Sources */,
				DBC487CD1DB0FB6D00CBCD4D /* MASViewConstraint.m in Sources */,
				DBC487D41DB0FB6D00CBCD4D /* YXTLoadFailureView.m in Sources */,
				DBC487D51DB0FB6D00CBCD4D /* YXTLoadingView.m in Sources */,
				DBC4872B1DB0FAF800CBCD4D /* main.m in Sources */,
				DBC487CC1DB0FB6D00CBCD4D /* MASViewAttribute.m in Sources */,
			);
			runOnlyForDeploymentPostprocessing = 0;
		};
		DBC4873B1DB0FAF800CBCD4D /* Sources */ = {
			isa = PBXSourcesBuildPhase;
			buildActionMask = 2147483647;
			files = (
				DBC487441DB0FAF800CBCD4D /* YXTRequestLoadAnimationTests.m in Sources */,
			);
			runOnlyForDeploymentPostprocessing = 0;
		};
		DBC487461DB0FAF800CBCD4D /* Sources */ = {
			isa = PBXSourcesBuildPhase;
			buildActionMask = 2147483647;
			files = (
				DBC4874F1DB0FAF800CBCD4D /* YXTRequestLoadAnimationUITests.m in Sources */,
			);
			runOnlyForDeploymentPostprocessing = 0;
		};
/* End PBXSourcesBuildPhase section */

/* Begin PBXTargetDependency section */
		DBC487411DB0FAF800CBCD4D /* PBXTargetDependency */ = {
			isa = PBXTargetDependency;
			target = DBC487251DB0FAF800CBCD4D /* YXTRequestLoadAnimation */;
			targetProxy = DBC487401DB0FAF800CBCD4D /* PBXContainerItemProxy */;
		};
		DBC4874C1DB0FAF800CBCD4D /* PBXTargetDependency */ = {
			isa = PBXTargetDependency;
			target = DBC487251DB0FAF800CBCD4D /* YXTRequestLoadAnimation */;
			targetProxy = DBC4874B1DB0FAF800CBCD4D /* PBXContainerItemProxy */;
		};
/* End PBXTargetDependency section */

/* Begin PBXVariantGroup section */
		DBC487371DB0FAF800CBCD4D /* LaunchScreen.storyboard */ = {
			isa = PBXVariantGroup;
			children = (
				DBC487381DB0FAF800CBCD4D /* Base */,
			);
			name = LaunchScreen.storyboard;
			sourceTree = "<group>";
		};
/* End PBXVariantGroup section */

/* Begin XCBuildConfiguration section */
		DBC487511DB0FAF800CBCD4D /* Debug */ = {
			isa = XCBuildConfiguration;
			buildSettings = {
				ALWAYS_SEARCH_USER_PATHS = NO;
				CLANG_ANALYZER_NONNULL = YES;
				CLANG_CXX_LANGUAGE_STANDARD = "gnu++0x";
				CLANG_CXX_LIBRARY = "libc++";
				CLANG_ENABLE_MODULES = YES;
				CLANG_ENABLE_OBJC_ARC = YES;
				CLANG_WARN_BOOL_CONVERSION = YES;
				CLANG_WARN_CONSTANT_CONVERSION = YES;
				CLANG_WARN_DIRECT_OBJC_ISA_USAGE = YES_ERROR;
				CLANG_WARN_DOCUMENTATION_COMMENTS = YES;
				CLANG_WARN_EMPTY_BODY = YES;
				CLANG_WARN_ENUM_CONVERSION = YES;
				CLANG_WARN_INFINITE_RECURSION = YES;
				CLANG_WARN_INT_CONVERSION = YES;
				CLANG_WARN_OBJC_ROOT_CLASS = YES_ERROR;
				CLANG_WARN_SUSPICIOUS_MOVES = YES;
				CLANG_WARN_UNREACHABLE_CODE = YES;
				CLANG_WARN__DUPLICATE_METHOD_MATCH = YES;
				"CODE_SIGN_IDENTITY[sdk=iphoneos*]" = "iPhone Developer";
				COPY_PHASE_STRIP = NO;
				DEBUG_INFORMATION_FORMAT = dwarf;
				ENABLE_STRICT_OBJC_MSGSEND = YES;
				ENABLE_TESTABILITY = YES;
				GCC_C_LANGUAGE_STANDARD = gnu99;
				GCC_DYNAMIC_NO_PIC = NO;
				GCC_NO_COMMON_BLOCKS = YES;
				GCC_OPTIMIZATION_LEVEL = 0;
				GCC_PREPROCESSOR_DEFINITIONS = (
					"DEBUG=1",
					"$(inherited)",
				);
				GCC_WARN_64_TO_32_BIT_CONVERSION = YES;
				GCC_WARN_ABOUT_RETURN_TYPE = YES_ERROR;
				GCC_WARN_UNDECLARED_SELECTOR = YES;
				GCC_WARN_UNINITIALIZED_AUTOS = YES_AGGRESSIVE;
				GCC_WARN_UNUSED_FUNCTION = YES;
				GCC_WARN_UNUSED_VARIABLE = YES;
				IPHONEOS_DEPLOYMENT_TARGET = 10.0;
				MTL_ENABLE_DEBUG_INFO = YES;
				ONLY_ACTIVE_ARCH = YES;
				SDKROOT = iphoneos;
				TARGETED_DEVICE_FAMILY = "1,2";
			};
			name = Debug;
		};
		DBC487521DB0FAF800CBCD4D /* Release */ = {
			isa = XCBuildConfiguration;
			buildSettings = {
				ALWAYS_SEARCH_USER_PATHS = NO;
				CLANG_ANALYZER_NONNULL = YES;
				CLANG_CXX_LANGUAGE_STANDARD = "gnu++0x";
				CLANG_CXX_LIBRARY = "libc++";
				CLANG_ENABLE_MODULES = YES;
				CLANG_ENABLE_OBJC_ARC = YES;
				CLANG_WARN_BOOL_CONVERSION = YES;
				CLANG_WARN_CONSTANT_CONVERSION = YES;
				CLANG_WARN_DIRECT_OBJC_ISA_USAGE = YES_ERROR;
				CLANG_WARN_DOCUMENTATION_COMMENTS = YES;
				CLANG_WARN_EMPTY_BODY = YES;
				CLANG_WARN_ENUM_CONVERSION = YES;
				CLANG_WARN_INFINITE_RECURSION = YES;
				CLANG_WARN_INT_CONVERSION = YES;
				CLANG_WARN_OBJC_ROOT_CLASS = YES_ERROR;
				CLANG_WARN_SUSPICIOUS_MOVES = YES;
				CLANG_WARN_UNREACHABLE_CODE = YES;
				CLANG_WARN__DUPLICATE_METHOD_MATCH = YES;
				"CODE_SIGN_IDENTITY[sdk=iphoneos*]" = "iPhone Developer";
				COPY_PHASE_STRIP = NO;
				DEBUG_INFORMATION_FORMAT = "dwarf-with-dsym";
				ENABLE_NS_ASSERTIONS = NO;
				ENABLE_STRICT_OBJC_MSGSEND = YES;
				GCC_C_LANGUAGE_STANDARD = gnu99;
				GCC_NO_COMMON_BLOCKS = YES;
				GCC_WARN_64_TO_32_BIT_CONVERSION = YES;
				GCC_WARN_ABOUT_RETURN_TYPE = YES_ERROR;
				GCC_WARN_UNDECLARED_SELECTOR = YES;
				GCC_WARN_UNINITIALIZED_AUTOS = YES_AGGRESSIVE;
				GCC_WARN_UNUSED_FUNCTION = YES;
				GCC_WARN_UNUSED_VARIABLE = YES;
				IPHONEOS_DEPLOYMENT_TARGET = 10.0;
				MTL_ENABLE_DEBUG_INFO = NO;
				SDKROOT = iphoneos;
				TARGETED_DEVICE_FAMILY = "1,2";
				VALIDATE_PRODUCT = YES;
			};
			name = Release;
		};
		DBC487541DB0FAF800CBCD4D /* Debug */ = {
			isa = XCBuildConfiguration;
			buildSettings = {
				ASSETCATALOG_COMPILER_APPICON_NAME = AppIcon;
				INFOPLIST_FILE = YXTRequestLoadAnimation/Info.plist;
				LD_RUNPATH_SEARCH_PATHS = "$(inherited) @executable_path/Frameworks";
				PRODUCT_BUNDLE_IDENTIFIER = YXT.YXTRequestLoadAnimation;
				PRODUCT_NAME = "$(TARGET_NAME)";
			};
			name = Debug;
		};
		DBC487551DB0FAF800CBCD4D /* Release */ = {
			isa = XCBuildConfiguration;
			buildSettings = {
				ASSETCATALOG_COMPILER_APPICON_NAME = AppIcon;
				INFOPLIST_FILE = YXTRequestLoadAnimation/Info.plist;
				LD_RUNPATH_SEARCH_PATHS = "$(inherited) @executable_path/Frameworks";
				PRODUCT_BUNDLE_IDENTIFIER = YXT.YXTRequestLoadAnimation;
				PRODUCT_NAME = "$(TARGET_NAME)";
			};
			name = Release;
		};
		DBC487571DB0FAF800CBCD4D /* Debug */ = {
			isa = XCBuildConfiguration;
			buildSettings = {
				BUNDLE_LOADER = "$(TEST_HOST)";
				INFOPLIST_FILE = YXTRequestLoadAnimationTests/Info.plist;
				LD_RUNPATH_SEARCH_PATHS = "$(inherited) @executable_path/Frameworks @loader_path/Frameworks";
				PRODUCT_BUNDLE_IDENTIFIER = YXT.YXTRequestLoadAnimationTests;
				PRODUCT_NAME = "$(TARGET_NAME)";
				TEST_HOST = "$(BUILT_PRODUCTS_DIR)/YXTRequestLoadAnimation.app/YXTRequestLoadAnimation";
			};
			name = Debug;
		};
		DBC487581DB0FAF800CBCD4D /* Release */ = {
			isa = XCBuildConfiguration;
			buildSettings = {
				BUNDLE_LOADER = "$(TEST_HOST)";
				INFOPLIST_FILE = YXTRequestLoadAnimationTests/Info.plist;
				LD_RUNPATH_SEARCH_PATHS = "$(inherited) @executable_path/Frameworks @loader_path/Frameworks";
				PRODUCT_BUNDLE_IDENTIFIER = YXT.YXTRequestLoadAnimationTests;
				PRODUCT_NAME = "$(TARGET_NAME)";
				TEST_HOST = "$(BUILT_PRODUCTS_DIR)/YXTRequestLoadAnimation.app/YXTRequestLoadAnimation";
			};
			name = Release;
		};
		DBC4875A1DB0FAF800CBCD4D /* Debug */ = {
			isa = XCBuildConfiguration;
			buildSettings = {
				INFOPLIST_FILE = YXTRequestLoadAnimationUITests/Info.plist;
				LD_RUNPATH_SEARCH_PATHS = "$(inherited) @executable_path/Frameworks @loader_path/Frameworks";
				PRODUCT_BUNDLE_IDENTIFIER = YXT.YXTRequestLoadAnimationUITests;
				PRODUCT_NAME = "$(TARGET_NAME)";
				TEST_TARGET_NAME = YXTRequestLoadAnimation;
			};
			name = Debug;
		};
		DBC4875B1DB0FAF800CBCD4D /* Release */ = {
			isa = XCBuildConfiguration;
			buildSettings = {
				INFOPLIST_FILE = YXTRequestLoadAnimationUITests/Info.plist;
				LD_RUNPATH_SEARCH_PATHS = "$(inherited) @executable_path/Frameworks @loader_path/Frameworks";
				PRODUCT_BUNDLE_IDENTIFIER = YXT.YXTRequestLoadAnimationUITests;
				PRODUCT_NAME = "$(TARGET_NAME)";
				TEST_TARGET_NAME = YXTRequestLoadAnimation;
			};
			name = Release;
		};
/* End XCBuildConfiguration section */

/* Begin XCConfigurationList section */
		DBC487211DB0FAF800CBCD4D /* Build configuration list for PBXProject "YXTRequestLoadAnimation" */ = {
			isa = XCConfigurationList;
			buildConfigurations = (
				DBC487511DB0FAF800CBCD4D /* Debug */,
				DBC487521DB0FAF800CBCD4D /* Release */,
			);
			defaultConfigurationIsVisible = 0;
			defaultConfigurationName = Release;
		};
		DBC487531DB0FAF800CBCD4D /* Build configuration list for PBXNativeTarget "YXTRequestLoadAnimation" */ = {
			isa = XCConfigurationList;
			buildConfigurations = (
				DBC487541DB0FAF800CBCD4D /* Debug */,
				DBC487551DB0FAF800CBCD4D /* Release */,
			);
			defaultConfigurationIsVisible = 0;
		};
		DBC487561DB0FAF800CBCD4D /* Build configuration list for PBXNativeTarget "YXTRequestLoadAnimationTests" */ = {
			isa = XCConfigurationList;
			buildConfigurations = (
				DBC487571DB0FAF800CBCD4D /* Debug */,
				DBC487581DB0FAF800CBCD4D /* Release */,
			);
			defaultConfigurationIsVisible = 0;
		};
		DBC487591DB0FAF800CBCD4D /* Build configuration list for PBXNativeTarget "YXTRequestLoadAnimationUITests" */ = {
			isa = XCConfigurationList;
			buildConfigurations = (
				DBC4875A1DB0FAF800CBCD4D /* Debug */,
				DBC4875B1DB0FAF800CBCD4D /* Release */,
			);
			defaultConfigurationIsVisible = 0;
		};
/* End XCConfigurationList section */
	};
	rootObject = DBC4871E1DB0FAF800CBCD4D /* Project object */;
}
